
Microsoft Visual Studio Solution File, Format Version 12.00
# Visual Studio Version 16
VisualStudioVersion = 16.0.31205.134
MinimumVisualStudioVersion = 10.0.40219.1
Project("{FAE04EC0-301F-11D3-BF4B-00C04F79EFBC}") = "InfoWriterAzureFunction", "InfoWriterAzureFunction\InfoWriterAzureFunction.csproj", "{A2795F30-D17B-49A2-BF5F-EB959180FC22}"
EndProject
Global
	GlobalSection(SolutionConfigurationPlatforms) = preSolution
		Debug|Any CPU = Debug|Any CPU
		Release|Any CPU = Release|Any CPU
	EndGlobalSection
	GlobalSection(ProjectConfigurationPlatforms) = postSolution
		{A2795F30-D17B-49A2-BF5F-EB959180FC22}.Debug|Any CPU.ActiveCfg = Debug|Any CPU
		{A2795F30-D17B-49A2-BF5F-EB959180FC22}.Debug|Any CPU.Build.0 = Debug|Any CPU
		{A2795F30-D17B-49A2-BF5F-EB959180FC22}.Release|Any CPU.ActiveCfg = Release|Any CPU
		{A2795F30-D17B-49A2-BF5F-EB959180FC22}.Release|Any CPU.Build.0 = Release|Any CPU
	EndGlobalSection
	GlobalSection(SolutionProperties) = preSolution
		HideSolutionNode = FALSE
	EndGlobalSection
	GlobalSection(ExtensibilityGlobals) = postSolution
		SolutionGuid = {033F20FB-3B28-4790-8E89-A0E7A9088E93}
	EndGlobalSection
EndGlobal
